
Microsoft Visual Studio Solution File, Format Version 12.00
# Visual Studio Version 16
VisualStudioVersion = 16.0.31702.278
MinimumVisualStudioVersion = 10.0.40219.1
Project("{8BC9CEB8-8B4A-11D0-8D11-00A0C91BC942}") = "E02-Ben-Sultzer", "E02-Ben-Sultzer.vcxproj", "{F1C74329-D3B1-4D79-8B7E-27EFAAFA0F28}"
EndProject
Project("{8BC9CEB8-8B4A-11D0-8D11-00A0C91BC942}") = "A01-Ben-Sultzer", "..\A01-Ben-Sultzer\A01-Ben-Sultzer.vcxproj", "{4579FF49-CCC0-41E5-A360-FAD61053BEDF}"
EndProject
Project("{8BC9CEB8-8B4A-11D0-8D11-00A0C91BC942}") = "E03-Ben-Sultzer", "..\E03-Ben-Sultzer\E03-Ben-Sultzer.vcxproj", "{E921C935-5A4F-4B56-B9F1-C39A05A9A82F}"
EndProject
Project("{8BC9CEB8-8B4A-11D0-8D11-00A0C91BC942}") = "E04-Ben-Sultzer", "..\E04-Ben-Sultzer\E04-Ben-Sultzer.vcxproj", "{194624BA-8B3E-4558-BE7C-961755FC7E3C}"
EndProject
Project("{8BC9CEB8-8B4A-11D0-8D11-00A0C91BC942}") = "A02-Ben-Sultzer", "..\A02-Ben-Sultzer\A02-Ben-Sultzer.vcxproj", "{DE63BCB5-52A6-478D-A91E-DDC21AC3A3AF}"
EndProject
Project("{8BC9CEB8-8B4A-11D0-8D11-00A0C91BC942}") = "E05-Ben-Sultzer", "..\E05-Ben-Sultzer\E05-Ben-Sultzer.vcxproj", "{ED674C1E-DB1F-42F6-B6EE-DC268C2C0296}"
EndProject
Project("{8BC9CEB8-8B4A-11D0-8D11-00A0C91BC942}") = "A03-Ben-Sultzer", "..\A03-Ben-Sultzer\A03-Ben-Sultzer.vcxproj", "{AB32B8AE-E18D-46C7-8421-FFDBBAFD6369}"
EndProject
Global
	GlobalSection(SolutionConfigurationPlatforms) = preSolution
		Debug|x64 = Debug|x64
		Debug|x86 = Debug|x86
		Release|x64 = Release|x64
		Release|x86 = Release|x86
	EndGlobalSection
	GlobalSection(ProjectConfigurationPlatforms) = postSolution
		{F1C74329-D3B1-4D79-8B7E-27EFAAFA0F28}.Debug|x64.ActiveCfg = Debug|x64
		{F1C74329-D3B1-4D79-8B7E-27EFAAFA0F28}.Debug|x64.Build.0 = Debug|x64
		{F1C74329-D3B1-4D79-8B7E-27EFAAFA0F28}.Debug|x86.ActiveCfg = Debug|Win32
		{F1C74329-D3B1-4D79-8B7E-27EFAAFA0F28}.Debug|x86.Build.0 = Debug|Win32
		{F1C74329-D3B1-4D79-8B7E-27EFAAFA0F28}.Release|x64.ActiveCfg = Release|x64
		{F1C74329-D3B1-4D79-8B7E-27EFAAFA0F28}.Release|x64.Build.0 = Release|x64
		{F1C74329-D3B1-4D79-8B7E-27EFAAFA0F28}.Release|x86.ActiveCfg = Release|Win32
		{F1C74329-D3B1-4D79-8B7E-27EFAAFA0F28}.Release|x86.Build.0 = Release|Win32
		{4579FF49-CCC0-41E5-A360-FAD61053BEDF}.Debug|x64.ActiveCfg = Debug|x64
		{4579FF49-CCC0-41E5-A360-FAD61053BEDF}.Debug|x64.Build.0 = Debug|x64
		{4579FF49-CCC0-41E5-A360-FAD61053BEDF}.Debug|x86.ActiveCfg = Debug|Win32
		{4579FF49-CCC0-41E5-A360-FAD61053BEDF}.Debug|x86.Build.0 = Debug|Win32
		{4579FF49-CCC0-41E5-A360-FAD61053BEDF}.Release|x64.ActiveCfg = Release|x64
		{4579FF49-CCC0-41E5-A360-FAD61053BEDF}.Release|x64.Build.0 = Release|x64
		{4579FF49-CCC0-41E5-A360-FAD61053BEDF}.Release|x86.ActiveCfg = Release|Win32
		{4579FF49-CCC0-41E5-A360-FAD61053BEDF}.Release|x86.Build.0 = Release|Win32
		{E921C935-5A4F-4B56-B9F1-C39A05A9A82F}.Debug|x64.ActiveCfg = Debug|x64
		{E921C935-5A4F-4B56-B9F1-C39A05A9A82F}.Debug|x64.Build.0 = Debug|x64
		{E921C935-5A4F-4B56-B9F1-C39A05A9A82F}.Debug|x86.ActiveCfg = Debug|Win32
		{E921C935-5A4F-4B56-B9F1-C39A05A9A82F}.Debug|x86.Build.0 = Debug|Win32
		{E921C935-5A4F-4B56-B9F1-C39A05A9A82F}.Release|x64.ActiveCfg = Release|x64
		{E921C935-5A4F-4B56-B9F1-C39A05A9A82F}.Release|x64.Build.0 = Release|x64
		{E921C935-5A4F-4B56-B9F1-C39A05A9A82F}.Release|x86.ActiveCfg = Release|Win32
		{E921C935-5A4F-4B56-B9F1-C39A05A9A82F}.Release|x86.Build.0 = Release|Win32
		{194624BA-8B3E-4558-BE7C-961755FC7E3C}.Debug|x64.ActiveCfg = Debug|x64
		{194624BA-8B3E-4558-BE7C-961755FC7E3C}.Debug|x64.Build.0 = Debug|x64
		{194624BA-8B3E-4558-BE7C-961755FC7E3C}.Debug|x86.ActiveCfg = Debug|Win32
		{194624BA-8B3E-4558-BE7C-961755FC7E3C}.Debug|x86.Build.0 = Debug|Win32
		{194624BA-8B3E-4558-BE7C-961755FC7E3C}.Release|x64.ActiveCfg = Release|x64
		{194624BA-8B3E-4558-BE7C-961755FC7E3C}.Release|x64.Build.0 = Release|x64
		{194624BA-8B3E-4558-BE7C-961755FC7E3C}.Release|x86.ActiveCfg = Release|Win32
		{194624BA-8B3E-4558-BE7C-961755FC7E3C}.Release|x86.Build.0 = Release|Win32
		{DE63BCB5-52A6-478D-A91E-DDC21AC3A3AF}.Debug|x64.ActiveCfg = Debug|x64
		{DE63BCB5-52A6-478D-A91E-DDC21AC3A3AF}.Debug|x64.Build.0 = Debug|x64
		{DE63BCB5-52A6-478D-A91E-DDC21AC3A3AF}.Debug|x86.ActiveCfg = Debug|Win32
		{DE63BCB5-52A6-478D-A91E-DDC21AC3A3AF}.Debug|x86.Build.0 = Debug|Win32
		{DE63BCB5-52A6-478D-A91E-DDC21AC3A3AF}.Release|x64.ActiveCfg = Release|x64
		{DE63BCB5-52A6-478D-A91E-DDC21AC3A3AF}.Release|x64.Build.0 = Release|x64
		{DE63BCB5-52A6-478D-A91E-DDC21AC3A3AF}.Release|x86.ActiveCfg = Release|Win32
		{DE63BCB5-52A6-478D-A91E-DDC21AC3A3AF}.Release|x86.Build.0 = Release|Win32
		{ED674C1E-DB1F-42F6-B6EE-DC268C2C0296}.Debug|x64.ActiveCfg = Debug|x64
		{ED674C1E-DB1F-42F6-B6EE-DC268C2C0296}.Debug|x64.Build.0 = Debug|x64
		{ED674C1E-DB1F-42F6-B6EE-DC268C2C0296}.Debug|x86.ActiveCfg = Debug|Win32
		{ED674C1E-DB1F-42F6-B6EE-DC268C2C0296}.Debug|x86.Build.0 = Debug|Win32
		{ED674C1E-DB1F-42F6-B6EE-DC268C2C0296}.Release|x64.ActiveCfg = Release|x64
		{ED674C1E-DB1F-42F6-B6EE-DC268C2C0296}.Release|x64.Build.0 = Release|x64
		{ED674C1E-DB1F-42F6-B6EE-DC268C2C0296}.Release|x86.ActiveCfg = Release|Win32
		{ED674C1E-DB1F-42F6-B6EE-DC268C2C0296}.Release|x86.Build.0 = Release|Win32
		{AB32B8AE-E18D-46C7-8421-FFDBBAFD6369}.Debug|x64.ActiveCfg = Debug|x64
		{AB32B8AE-E18D-46C7-8421-FFDBBAFD6369}.Debug|x64.Build.0 = Debug|x64
		{AB32B8AE-E18D-46C7-8421-FFDBBAFD6369}.Debug|x86.ActiveCfg = Debug|Win32
		{AB32B8AE-E18D-46C7-8421-FFDBBAFD6369}.Debug|x86.Build.0 = Debug|Win32
		{AB32B8AE-E18D-46C7-8421-FFDBBAFD6369}.Release|x64.ActiveCfg = Release|x64
		{AB32B8AE-E18D-46C7-8421-FFDBBAFD6369}.Release|x64.Build.0 = Release|x64
		{AB32B8AE-E18D-46C7-8421-FFDBBAFD6369}.Release|x86.ActiveCfg = Release|Win32
		{AB32B8AE-E18D-46C7-8421-FFDBBAFD6369}.Release|x86.Build.0 = Release|Win32
	EndGlobalSection
	GlobalSection(SolutionProperties) = preSolution
		HideSolutionNode = FALSE
	EndGlobalSection
	GlobalSection(ExtensibilityGlobals) = postSolution
		SolutionGuid = {5CFE3972-A6D3-4E2D-9009-C1E81B88C505}
	EndGlobalSection
EndGlobal
